
Microsoft Visual Studio Solution File, Format Version 12.00
# Visual Studio 2015
Project("{FAE04EC0-301F-11D3-BF4B-00C04F79EFBC}") = "Ultra-super-fajna-gra.CSharp.Plugins", "Ultra-super-fajna-gra.CSharp.Plugins.csproj", "{EA79FEE4-8A81-B9D0-393F-F3CDCD979AAC}"
EndProject
Project("{FAE04EC0-301F-11D3-BF4B-00C04F79EFBC}") = "Ultra-super-fajna-gra.CSharp", "Ultra-super-fajna-gra.CSharp.csproj", "{15A13F23-3213-756F-EFD9-EDE63F465621}"
EndProject
Project("{FAE04EC0-301F-11D3-BF4B-00C04F79EFBC}") = "Ultra-super-fajna-gra.CSharp.Editor", "Ultra-super-fajna-gra.CSharp.Editor.csproj", "{02A93D51-746E-17E8-0F4E-90E17114E880}"
EndProject
Global
	GlobalSection(SolutionConfigurationPlatforms) = preSolution
		Debug|Any CPU = Debug|Any CPU
		Release|Any CPU = Release|Any CPU
	EndGlobalSection
	GlobalSection(ProjectConfigurationPlatforms) = postSolution
		{EA79FEE4-8A81-B9D0-393F-F3CDCD979AAC}.Debug|Any CPU.ActiveCfg = Debug|Any CPU
		{EA79FEE4-8A81-B9D0-393F-F3CDCD979AAC}.Debug|Any CPU.Build.0 = Debug|Any CPU
		{EA79FEE4-8A81-B9D0-393F-F3CDCD979AAC}.Release|Any CPU.ActiveCfg = Release|Any CPU
		{EA79FEE4-8A81-B9D0-393F-F3CDCD979AAC}.Release|Any CPU.Build.0 = Release|Any CPU
		{15A13F23-3213-756F-EFD9-EDE63F465621}.Debug|Any CPU.ActiveCfg = Debug|Any CPU
		{15A13F23-3213-756F-EFD9-EDE63F465621}.Debug|Any CPU.Build.0 = Debug|Any CPU
		{15A13F23-3213-756F-EFD9-EDE63F465621}.Release|Any CPU.ActiveCfg = Release|Any CPU
		{15A13F23-3213-756F-EFD9-EDE63F465621}.Release|Any CPU.Build.0 = Release|Any CPU
		{02A93D51-746E-17E8-0F4E-90E17114E880}.Debug|Any CPU.ActiveCfg = Debug|Any CPU
		{02A93D51-746E-17E8-0F4E-90E17114E880}.Debug|Any CPU.Build.0 = Debug|Any CPU
		{02A93D51-746E-17E8-0F4E-90E17114E880}.Release|Any CPU.ActiveCfg = Release|Any CPU
		{02A93D51-746E-17E8-0F4E-90E17114E880}.Release|Any CPU.Build.0 = Release|Any CPU
	EndGlobalSection
	GlobalSection(SolutionProperties) = preSolution
		HideSolutionNode = FALSE
	EndGlobalSection
EndGlobal
